
Microsoft Visual Studio Solution File, Format Version 12.00
# Visual Studio Version 16
VisualStudioVersion = 16.0.28822.285
MinimumVisualStudioVersion = 10.0.40219.1
Project("{9A19103F-16F7-4668-BE54-9A1E7A4F7556}") = "Kucoin.Net", "Kucoin.Net\Kucoin.Net.csproj", "{DC6AD413-FC2D-4369-A86F-CC6E0AD09FB7}"
EndProject
Project("{9A19103F-16F7-4668-BE54-9A1E7A4F7556}") = "Kucoin.Net.UnitTests", "Kucoin.Net.UnitTests\Kucoin.Net.UnitTests.csproj", "{DF788C8F-74BE-441D-8FD5-F86E2BE16C7E}"
EndProject
Global
	GlobalSection(SolutionConfigurationPlatforms) = preSolution
		Debug|Any CPU = Debug|Any CPU
		Release|Any CPU = Release|Any CPU
	EndGlobalSection
	GlobalSection(ProjectConfigurationPlatforms) = postSolution
		{DC6AD413-FC2D-4369-A86F-CC6E0AD09FB7}.Debug|Any CPU.ActiveCfg = Debug|Any CPU
		{DC6AD413-FC2D-4369-A86F-CC6E0AD09FB7}.Debug|Any CPU.Build.0 = Debug|Any CPU
		{DC6AD413-FC2D-4369-A86F-CC6E0AD09FB7}.Release|Any CPU.ActiveCfg = Release|Any CPU
		{DC6AD413-FC2D-4369-A86F-CC6E0AD09FB7}.Release|Any CPU.Build.0 = Release|Any CPU
		{DF788C8F-74BE-441D-8FD5-F86E2BE16C7E}.Debug|Any CPU.ActiveCfg = Debug|Any CPU
		{DF788C8F-74BE-441D-8FD5-F86E2BE16C7E}.Debug|Any CPU.Build.0 = Debug|Any CPU
		{DF788C8F-74BE-441D-8FD5-F86E2BE16C7E}.Release|Any CPU.ActiveCfg = Release|Any CPU
		{DF788C8F-74BE-441D-8FD5-F86E2BE16C7E}.Release|Any CPU.Build.0 = Release|Any CPU
	EndGlobalSection
	GlobalSection(SolutionProperties) = preSolution
		HideSolutionNode = FALSE
	EndGlobalSection
	GlobalSection(ExtensibilityGlobals) = postSolution
		SolutionGuid = {90DB402E-F65B-4411-9572-0A0D39BCD18D}
	EndGlobalSection
EndGlobal
